
Microsoft Visual Studio Solution File, Format Version 12.00
# Visual Studio Version 16
VisualStudioVersion = 16.0.34729.46
MinimumVisualStudioVersion = 10.0.40219.1
Project("{FAE04EC0-301F-11D3-BF4B-00C04F79EFBC}") = "Vista", "AplicacionABM-Personas\Vista.csproj", "{B63CEEE2-1835-4BF8-B62B-B8E83310FE3A}"
EndProject
Project("{FAE04EC0-301F-11D3-BF4B-00C04F79EFBC}") = "Modelos", "Modelos\Modelos.csproj", "{C0F10F83-119D-433B-A8D4-7AF0279E2521}"
EndProject
Project("{FAE04EC0-301F-11D3-BF4B-00C04F79EFBC}") = "Controlador", "Controladores\Controlador.csproj", "{849C2313-2860-4C11-97B0-EE50FDB8A91F}"
EndProject
Global
	GlobalSection(SolutionConfigurationPlatforms) = preSolution
		Debug|Any CPU = Debug|Any CPU
		Release|Any CPU = Release|Any CPU
	EndGlobalSection
	GlobalSection(ProjectConfigurationPlatforms) = postSolution
		{B63CEEE2-1835-4BF8-B62B-B8E83310FE3A}.Debug|Any CPU.ActiveCfg = Debug|Any CPU
		{B63CEEE2-1835-4BF8-B62B-B8E83310FE3A}.Debug|Any CPU.Build.0 = Debug|Any CPU
		{B63CEEE2-1835-4BF8-B62B-B8E83310FE3A}.Release|Any CPU.ActiveCfg = Release|Any CPU
		{B63CEEE2-1835-4BF8-B62B-B8E83310FE3A}.Release|Any CPU.Build.0 = Release|Any CPU
		{C0F10F83-119D-433B-A8D4-7AF0279E2521}.Debug|Any CPU.ActiveCfg = Debug|Any CPU
		{C0F10F83-119D-433B-A8D4-7AF0279E2521}.Debug|Any CPU.Build.0 = Debug|Any CPU
		{C0F10F83-119D-433B-A8D4-7AF0279E2521}.Release|Any CPU.ActiveCfg = Release|Any CPU
		{C0F10F83-119D-433B-A8D4-7AF0279E2521}.Release|Any CPU.Build.0 = Release|Any CPU
		{849C2313-2860-4C11-97B0-EE50FDB8A91F}.Debug|Any CPU.ActiveCfg = Debug|Any CPU
		{849C2313-2860-4C11-97B0-EE50FDB8A91F}.Debug|Any CPU.Build.0 = Debug|Any CPU
		{849C2313-2860-4C11-97B0-EE50FDB8A91F}.Release|Any CPU.ActiveCfg = Release|Any CPU
		{849C2313-2860-4C11-97B0-EE50FDB8A91F}.Release|Any CPU.Build.0 = Release|Any CPU
	EndGlobalSection
	GlobalSection(SolutionProperties) = preSolution
		HideSolutionNode = FALSE
	EndGlobalSection
	GlobalSection(ExtensibilityGlobals) = postSolution
		SolutionGuid = {4DECFDA8-D850-460C-9D36-16FE83F25764}
	EndGlobalSection
EndGlobal
